// !$*UTF8*$!
{
	archiveVersion = 1;
	classes = {
	};
	objectVersion = 50;
	objects = {

/* Begin PBXBuildFile section */
		1B19E6D654810902E02969F3 /* libPods-ParseChatUITests.a in Frameworks */ = {isa = PBXBuildFile; fileRef = 0D0765CBFEDCFB1C37AE55A0 /* libPods-ParseChatUITests.a */; };
		2673503D20F3D2970006AFD0 /* LoginViewController.m in Sources */ = {isa = PBXBuildFile; fileRef = 2673503C20F3D2970006AFD0 /* LoginViewController.m */; };
		26C8DB8A20F3D05500C8EA2A /* AppDelegate.m in Sources */ = {isa = PBXBuildFile; fileRef = 26C8DB8920F3D05500C8EA2A /* AppDelegate.m */; };
		26C8DB9020F3D05500C8EA2A /* Main.storyboard in Resources */ = {isa = PBXBuildFile; fileRef = 26C8DB8E20F3D05500C8EA2A /* Main.storyboard */; };
		26C8DB9220F3D05600C8EA2A /* Assets.xcassets in Resources */ = {isa = PBXBuildFile; fileRef = 26C8DB9120F3D05600C8EA2A /* Assets.xcassets */; };
		26C8DB9520F3D05600C8EA2A /* LaunchScreen.storyboard in Resources */ = {isa = PBXBuildFile; fileRef = 26C8DB9320F3D05600C8EA2A /* LaunchScreen.storyboard */; };
		26C8DB9820F3D05600C8EA2A /* main.m in Sources */ = {isa = PBXBuildFile; fileRef = 26C8DB9720F3D05600C8EA2A /* main.m */; };
		26C8DBA220F3D05600C8EA2A /* ParseChatTests.m in Sources */ = {isa = PBXBuildFile; fileRef = 26C8DBA120F3D05600C8EA2A /* ParseChatTests.m */; };
		26C8DBAD20F3D05600C8EA2A /* ParseChatUITests.m in Sources */ = {isa = PBXBuildFile; fileRef = 26C8DBAC20F3D05600C8EA2A /* ParseChatUITests.m */; };
		7F9D570E02AC2D5A99C3AF49 /* libPods-ParseChat.a in Frameworks */ = {isa = PBXBuildFile; fileRef = FC63CD9AEEFD326D4A3AC4C4 /* libPods-ParseChat.a */; };
		ABE9276DD1A5BB3E730F63A5 /* libPods-ParseChatTests.a in Frameworks */ = {isa = PBXBuildFile; fileRef = AE626768C15C518FD282FF51 /* libPods-ParseChatTests.a */; };
/* End PBXBuildFile section */

/* Begin PBXContainerItemProxy section */
		26C8DB9E20F3D05600C8EA2A /* PBXContainerItemProxy */ = {
			isa = PBXContainerItemProxy;
			containerPortal = 26C8DB7D20F3D05500C8EA2A /* Project object */;
			proxyType = 1;
			remoteGlobalIDString = 26C8DB8420F3D05500C8EA2A;
			remoteInfo = ParseChat;
		};
		26C8DBA920F3D05600C8EA2A /* PBXContainerItemProxy */ = {
			isa = PBXContainerItemProxy;
			containerPortal = 26C8DB7D20F3D05500C8EA2A /* Project object */;
			proxyType = 1;
			remoteGlobalIDString = 26C8DB8420F3D05500C8EA2A;
			remoteInfo = ParseChat;
		};
/* End PBXContainerItemProxy section */

/* Begin PBXFileReference section */
		0762CB003E0BD09C78381AF1 /* Pods-ParseChatUITests.release.xcconfig */ = {isa = PBXFileReference; includeInIndex = 1; lastKnownFileType = text.xcconfig; name = "Pods-ParseChatUITests.release.xcconfig"; path = "Pods/Target Support Files/Pods-ParseChatUITests/Pods-ParseChatUITests.release.xcconfig"; sourceTree = "<group>"; };
		0D0765CBFEDCFB1C37AE55A0 /* libPods-ParseChatUITests.a */ = {isa = PBXFileReference; explicitFileType = archive.ar; includeInIndex = 0; path = "libPods-ParseChatUITests.a"; sourceTree = BUILT_PRODUCTS_DIR; };
		2673503B20F3D2970006AFD0 /* LoginViewController.h */ = {isa = PBXFileReference; lastKnownFileType = sourcecode.c.h; path = LoginViewController.h; sourceTree = "<group>"; };
		2673503C20F3D2970006AFD0 /* LoginViewController.m */ = {isa = PBXFileReference; lastKnownFileType = sourcecode.c.objc; path = LoginViewController.m; sourceTree = "<group>"; };
		26C8DB8520F3D05500C8EA2A /* ParseChat.app */ = {isa = PBXFileReference; explicitFileType = wrapper.application; includeInIndex = 0; path = ParseChat.app; sourceTree = BUILT_PRODUCTS_DIR; };
		26C8DB8820F3D05500C8EA2A /* AppDelegate.h */ = {isa = PBXFileReference; lastKnownFileType = sourcecode.c.h; path = AppDelegate.h; sourceTree = "<group>"; };
		26C8DB8920F3D05500C8EA2A /* AppDelegate.m */ = {isa = PBXFileReference; lastKnownFileType = sourcecode.c.objc; path = AppDelegate.m; sourceTree = "<group>"; };
		26C8DB8F20F3D05500C8EA2A /* Base */ = {isa = PBXFileReference; lastKnownFileType = file.storyboard; name = Base; path = Base.lproj/Main.storyboard; sourceTree = "<group>"; };
		26C8DB9120F3D05600C8EA2A /* Assets.xcassets */ = {isa = PBXFileReference; lastKnownFileType = folder.assetcatalog; path = Assets.xcassets; sourceTree = "<group>"; };
		26C8DB9420F3D05600C8EA2A /* Base */ = {isa = PBXFileReference; lastKnownFileType = file.storyboard; name = Base; path = Base.lproj/LaunchScreen.storyboard; sourceTree = "<group>"; };
		26C8DB9620F3D05600C8EA2A /* Info.plist */ = {isa = PBXFileReference; lastKnownFileType = text.plist.xml; path = Info.plist; sourceTree = "<group>"; };
		26C8DB9720F3D05600C8EA2A /* main.m */ = {isa = PBXFileReference; lastKnownFileType = sourcecode.c.objc; path = main.m; sourceTree = "<group>"; };
		26C8DB9D20F3D05600C8EA2A /* ParseChatTests.xctest */ = {isa = PBXFileReference; explicitFileType = wrapper.cfbundle; includeInIndex = 0; path = ParseChatTests.xctest; sourceTree = BUILT_PRODUCTS_DIR; };
		26C8DBA120F3D05600C8EA2A /* ParseChatTests.m */ = {isa = PBXFileReference; lastKnownFileType = sourcecode.c.objc; path = ParseChatTests.m; sourceTree = "<group>"; };
		26C8DBA320F3D05600C8EA2A /* Info.plist */ = {isa = PBXFileReference; lastKnownFileType = text.plist.xml; path = Info.plist; sourceTree = "<group>"; };
		26C8DBA820F3D05600C8EA2A /* ParseChatUITests.xctest */ = {isa = PBXFileReference; explicitFileType = wrapper.cfbundle; includeInIndex = 0; path = ParseChatUITests.xctest; sourceTree = BUILT_PRODUCTS_DIR; };
		26C8DBAC20F3D05600C8EA2A /* ParseChatUITests.m */ = {isa = PBXFileReference; lastKnownFileType = sourcecode.c.objc; path = ParseChatUITests.m; sourceTree = "<group>"; };
		26C8DBAE20F3D05600C8EA2A /* Info.plist */ = {isa = PBXFileReference; lastKnownFileType = text.plist.xml; path = Info.plist; sourceTree = "<group>"; };
		32DBB8CEB16D669C6687A737 /* Pods-ParseChatUITests.debug.xcconfig */ = {isa = PBXFileReference; includeInIndex = 1; lastKnownFileType = text.xcconfig; name = "Pods-ParseChatUITests.debug.xcconfig"; path = "Pods/Target Support Files/Pods-ParseChatUITests/Pods-ParseChatUITests.debug.xcconfig"; sourceTree = "<group>"; };
		A905A2562A3A39AF7A95930C /* Pods-ParseChat.debug.xcconfig */ = {isa = PBXFileReference; includeInIndex = 1; lastKnownFileType = text.xcconfig; name = "Pods-ParseChat.debug.xcconfig"; path = "Pods/Target Support Files/Pods-ParseChat/Pods-ParseChat.debug.xcconfig"; sourceTree = "<group>"; };
		AD6571BF0F34F76C60765047 /* Pods-ParseChatTests.debug.xcconfig */ = {isa = PBXFileReference; includeInIndex = 1; lastKnownFileType = text.xcconfig; name = "Pods-ParseChatTests.debug.xcconfig"; path = "Pods/Target Support Files/Pods-ParseChatTests/Pods-ParseChatTests.debug.xcconfig"; sourceTree = "<group>"; };
		AE626768C15C518FD282FF51 /* libPods-ParseChatTests.a */ = {isa = PBXFileReference; explicitFileType = archive.ar; includeInIndex = 0; path = "libPods-ParseChatTests.a"; sourceTree = BUILT_PRODUCTS_DIR; };
		CE5390B1155D0CF0AB1271C3 /* Pods-ParseChat.release.xcconfig */ = {isa = PBXFileReference; includeInIndex = 1; lastKnownFileType = text.xcconfig; name = "Pods-ParseChat.release.xcconfig"; path = "Pods/Target Support Files/Pods-ParseChat/Pods-ParseChat.release.xcconfig"; sourceTree = "<group>"; };
		CF6DD4347657683A875609EB /* Pods-ParseChatTests.release.xcconfig */ = {isa = PBXFileReference; includeInIndex = 1; lastKnownFileType = text.xcconfig; name = "Pods-ParseChatTests.release.xcconfig"; path = "Pods/Target Support Files/Pods-ParseChatTests/Pods-ParseChatTests.release.xcconfig"; sourceTree = "<group>"; };
		FC63CD9AEEFD326D4A3AC4C4 /* libPods-ParseChat.a */ = {isa = PBXFileReference; explicitFileType = archive.ar; includeInIndex = 0; path = "libPods-ParseChat.a"; sourceTree = BUILT_PRODUCTS_DIR; };
/* End PBXFileReference section */

/* Begin PBXFrameworksBuildPhase section */
		26C8DB8220F3D05500C8EA2A /* Frameworks */ = {
			isa = PBXFrameworksBuildPhase;
			buildActionMask = 2147483647;
			files = (
				7F9D570E02AC2D5A99C3AF49 /* libPods-ParseChat.a in Frameworks */,
			);
			runOnlyForDeploymentPostprocessing = 0;
		};
		26C8DB9A20F3D05600C8EA2A /* Frameworks */ = {
			isa = PBXFrameworksBuildPhase;
			buildActionMask = 2147483647;
			files = (
				ABE9276DD1A5BB3E730F63A5 /* libPods-ParseChatTests.a in Frameworks */,
			);
			runOnlyForDeploymentPostprocessing = 0;
		};
		26C8DBA520F3D05600C8EA2A /* Frameworks */ = {
			isa = PBXFrameworksBuildPhase;
			buildActionMask = 2147483647;
			files = (
				1B19E6D654810902E02969F3 /* libPods-ParseChatUITests.a in Frameworks */,
			);
			runOnlyForDeploymentPostprocessing = 0;
		};
/* End PBXFrameworksBuildPhase section */

/* Begin PBXGroup section */
		26C8DB7C20F3D05500C8EA2A = {
			isa = PBXGroup;
			children = (
				26C8DB8720F3D05500C8EA2A /* ParseChat */,
				26C8DBA020F3D05600C8EA2A /* ParseChatTests */,
				26C8DBAB20F3D05600C8EA2A /* ParseChatUITests */,
				26C8DB8620F3D05500C8EA2A /* Products */,
				A7F560978D71A5F170669811 /* Pods */,
				A3B9B61111C4B8633018D33D /* Frameworks */,
			);
			sourceTree = "<group>";
		};
		26C8DB8620F3D05500C8EA2A /* Products */ = {
			isa = PBXGroup;
			children = (
				26C8DB8520F3D05500C8EA2A /* ParseChat.app */,
				26C8DB9D20F3D05600C8EA2A /* ParseChatTests.xctest */,
				26C8DBA820F3D05600C8EA2A /* ParseChatUITests.xctest */,
			);
			name = Products;
			sourceTree = "<group>";
		};
		26C8DB8720F3D05500C8EA2A /* ParseChat */ = {
			isa = PBXGroup;
			children = (
				2673503B20F3D2970006AFD0 /* LoginViewController.h */,
				2673503C20F3D2970006AFD0 /* LoginViewController.m */,
				26C8DB8820F3D05500C8EA2A /* AppDelegate.h */,
				26C8DB8920F3D05500C8EA2A /* AppDelegate.m */,
				26C8DB8E20F3D05500C8EA2A /* Main.storyboard */,
				26C8DB9120F3D05600C8EA2A /* Assets.xcassets */,
				26C8DB9320F3D05600C8EA2A /* LaunchScreen.storyboard */,
				26C8DB9620F3D05600C8EA2A /* Info.plist */,
				26C8DB9720F3D05600C8EA2A /* main.m */,
			);
			path = ParseChat;
			sourceTree = "<group>";
		};
		26C8DBA020F3D05600C8EA2A /* ParseChatTests */ = {
			isa = PBXGroup;
			children = (
				26C8DBA120F3D05600C8EA2A /* ParseChatTests.m */,
				26C8DBA320F3D05600C8EA2A /* Info.plist */,
			);
			path = ParseChatTests;
			sourceTree = "<group>";
		};
		26C8DBAB20F3D05600C8EA2A /* ParseChatUITests */ = {
			isa = PBXGroup;
			children = (
				26C8DBAC20F3D05600C8EA2A /* ParseChatUITests.m */,
				26C8DBAE20F3D05600C8EA2A /* Info.plist */,
			);
			path = ParseChatUITests;
			sourceTree = "<group>";
		};
		A3B9B61111C4B8633018D33D /* Frameworks */ = {
			isa = PBXGroup;
			children = (
				FC63CD9AEEFD326D4A3AC4C4 /* libPods-ParseChat.a */,
				AE626768C15C518FD282FF51 /* libPods-ParseChatTests.a */,
				0D0765CBFEDCFB1C37AE55A0 /* libPods-ParseChatUITests.a */,
			);
			name = Frameworks;
			sourceTree = "<group>";
		};
		A7F560978D71A5F170669811 /* Pods */ = {
			isa = PBXGroup;
			children = (
				A905A2562A3A39AF7A95930C /* Pods-ParseChat.debug.xcconfig */,
				CE5390B1155D0CF0AB1271C3 /* Pods-ParseChat.release.xcconfig */,
				AD6571BF0F34F76C60765047 /* Pods-ParseChatTests.debug.xcconfig */,
				CF6DD4347657683A875609EB /* Pods-ParseChatTests.release.xcconfig */,
				32DBB8CEB16D669C6687A737 /* Pods-ParseChatUITests.debug.xcconfig */,
				0762CB003E0BD09C78381AF1 /* Pods-ParseChatUITests.release.xcconfig */,
			);
			name = Pods;
			sourceTree = "<group>";
		};
/* End PBXGroup section */

/* Begin PBXNativeTarget section */
		26C8DB8420F3D05500C8EA2A /* ParseChat */ = {
			isa = PBXNativeTarget;
			buildConfigurationList = 26C8DBB120F3D05600C8EA2A /* Build configuration list for PBXNativeTarget "ParseChat" */;
			buildPhases = (
				CBDC66459E02022E2C569E8E /* [CP] Check Pods Manifest.lock */,
				26C8DB8120F3D05500C8EA2A /* Sources */,
				26C8DB8220F3D05500C8EA2A /* Frameworks */,
				26C8DB8320F3D05500C8EA2A /* Resources */,
				9B43E5586EF943676D13A8B8 /* [CP] Copy Pods Resources */,
			);
			buildRules = (
			);
			dependencies = (
			);
			name = ParseChat;
			productName = ParseChat;
			productReference = 26C8DB8520F3D05500C8EA2A /* ParseChat.app */;
			productType = "com.apple.product-type.application";
		};
		26C8DB9C20F3D05600C8EA2A /* ParseChatTests */ = {
			isa = PBXNativeTarget;
			buildConfigurationList = 26C8DBB420F3D05600C8EA2A /* Build configuration list for PBXNativeTarget "ParseChatTests" */;
			buildPhases = (
				E5BD9A9B0D982AA29531510A /* [CP] Check Pods Manifest.lock */,
				26C8DB9920F3D05600C8EA2A /* Sources */,
				26C8DB9A20F3D05600C8EA2A /* Frameworks */,
				26C8DB9B20F3D05600C8EA2A /* Resources */,
			);
			buildRules = (
			);
			dependencies = (
				26C8DB9F20F3D05600C8EA2A /* PBXTargetDependency */,
			);
			name = ParseChatTests;
			productName = ParseChatTests;
			productReference = 26C8DB9D20F3D05600C8EA2A /* ParseChatTests.xctest */;
			productType = "com.apple.product-type.bundle.unit-test";
		};
		26C8DBA720F3D05600C8EA2A /* ParseChatUITests */ = {
			isa = PBXNativeTarget;
			buildConfigurationList = 26C8DBB720F3D05600C8EA2A /* Build configuration list for PBXNativeTarget "ParseChatUITests" */;
			buildPhases = (
				95296BE8AB2E07D918E3E8E0 /* [CP] Check Pods Manifest.lock */,
				26C8DBA420F3D05600C8EA2A /* Sources */,
				26C8DBA520F3D05600C8EA2A /* Frameworks */,
				26C8DBA620F3D05600C8EA2A /* Resources */,
			);
			buildRules = (
			);
			dependencies = (
				26C8DBAA20F3D05600C8EA2A /* PBXTargetDependency */,
			);
			name = ParseChatUITests;
			productName = ParseChatUITests;
			productReference = 26C8DBA820F3D05600C8EA2A /* ParseChatUITests.xctest */;
			productType = "com.apple.product-type.bundle.ui-testing";
		};
/* End PBXNativeTarget section */

/* Begin PBXProject section */
		26C8DB7D20F3D05500C8EA2A /* Project object */ = {
			isa = PBXProject;
			attributes = {
				LastUpgradeCheck = 0940;
				ORGANIZATIONNAME = "Ernest Omondi";
				TargetAttributes = {
					26C8DB8420F3D05500C8EA2A = {
						CreatedOnToolsVersion = 9.4.1;
					};
					26C8DB9C20F3D05600C8EA2A = {
						CreatedOnToolsVersion = 9.4.1;
						TestTargetID = 26C8DB8420F3D05500C8EA2A;
					};
					26C8DBA720F3D05600C8EA2A = {
						CreatedOnToolsVersion = 9.4.1;
						TestTargetID = 26C8DB8420F3D05500C8EA2A;
					};
				};
			};
			buildConfigurationList = 26C8DB8020F3D05500C8EA2A /* Build configuration list for PBXProject "ParseChat" */;
			compatibilityVersion = "Xcode 9.3";
			developmentRegion = en;
			hasScannedForEncodings = 0;
			knownRegions = (
				en,
				Base,
			);
			mainGroup = 26C8DB7C20F3D05500C8EA2A;
			productRefGroup = 26C8DB8620F3D05500C8EA2A /* Products */;
			projectDirPath = "";
			projectRoot = "";
			targets = (
				26C8DB8420F3D05500C8EA2A /* ParseChat */,
				26C8DB9C20F3D05600C8EA2A /* ParseChatTests */,
				26C8DBA720F3D05600C8EA2A /* ParseChatUITests */,
			);
		};
/* End PBXProject section */

/* Begin PBXResourcesBuildPhase section */
		26C8DB8320F3D05500C8EA2A /* Resources */ = {
			isa = PBXResourcesBuildPhase;
			buildActionMask = 2147483647;
			files = (
				26C8DB9520F3D05600C8EA2A /* LaunchScreen.storyboard in Resources */,
				26C8DB9220F3D05600C8EA2A /* Assets.xcassets in Resources */,
				26C8DB9020F3D05500C8EA2A /* Main.storyboard in Resources */,
			);
			runOnlyForDeploymentPostprocessing = 0;
		};
		26C8DB9B20F3D05600C8EA2A /* Resources */ = {
			isa = PBXResourcesBuildPhase;
			buildActionMask = 2147483647;
			files = (
			);
			runOnlyForDeploymentPostprocessing = 0;
		};
		26C8DBA620F3D05600C8EA2A /* Resources */ = {
			isa = PBXResourcesBuildPhase;
			buildActionMask = 2147483647;
			files = (
			);
			runOnlyForDeploymentPostprocessing = 0;
		};
/* End PBXResourcesBuildPhase section */

/* Begin PBXShellScriptBuildPhase section */
		95296BE8AB2E07D918E3E8E0 /* [CP] Check Pods Manifest.lock */ = {
			isa = PBXShellScriptBuildPhase;
			buildActionMask = 2147483647;
			files = (
			);
			inputPaths = (
				"${PODS_PODFILE_DIR_PATH}/Podfile.lock",
				"${PODS_ROOT}/Manifest.lock",
			);
			name = "[CP] Check Pods Manifest.lock";
			outputPaths = (
				"$(DERIVED_FILE_DIR)/Pods-ParseChatUITests-checkManifestLockResult.txt",
			);
			runOnlyForDeploymentPostprocessing = 0;
			shellPath = /bin/sh;
			shellScript = "diff \"${PODS_PODFILE_DIR_PATH}/Podfile.lock\" \"${PODS_ROOT}/Manifest.lock\" > /dev/null\nif [ $? != 0 ] ; then\n    # print error to STDERR\n    echo \"error: The sandbox is not in sync with the Podfile.lock. Run 'pod install' or update your CocoaPods installation.\" >&2\n    exit 1\nfi\n# This output is used by Xcode 'outputs' to avoid re-running this script phase.\necho \"SUCCESS\" > \"${SCRIPT_OUTPUT_FILE_0}\"\n";
			showEnvVarsInLog = 0;
		};
		9B43E5586EF943676D13A8B8 /* [CP] Copy Pods Resources */ = {
			isa = PBXShellScriptBuildPhase;
			buildActionMask = 2147483647;
			files = (
			);
			inputPaths = (
				"${SRCROOT}/Pods/Target Support Files/Pods-ParseChat/Pods-ParseChat-resources.sh",
				"${PODS_CONFIGURATION_BUILD_DIR}/Parse/Parse.bundle",
			);
			name = "[CP] Copy Pods Resources";
			outputPaths = (
				"${TARGET_BUILD_DIR}/${UNLOCALIZED_RESOURCES_FOLDER_PATH}/Parse.bundle",
			);
			runOnlyForDeploymentPostprocessing = 0;
			shellPath = /bin/sh;
			shellScript = "\"${SRCROOT}/Pods/Target Support Files/Pods-ParseChat/Pods-ParseChat-resources.sh\"\n";
			showEnvVarsInLog = 0;
		};
		CBDC66459E02022E2C569E8E /* [CP] Check Pods Manifest.lock */ = {
			isa = PBXShellScriptBuildPhase;
			buildActionMask = 2147483647;
			files = (
			);
			inputPaths = (
				"${PODS_PODFILE_DIR_PATH}/Podfile.lock",
				"${PODS_ROOT}/Manifest.lock",
			);
			name = "[CP] Check Pods Manifest.lock";
			outputPaths = (
				"$(DERIVED_FILE_DIR)/Pods-ParseChat-checkManifestLockResult.txt",
			);
			runOnlyForDeploymentPostprocessing = 0;
			shellPath = /bin/sh;
			shellScript = "diff \"${PODS_PODFILE_DIR_PATH}/Podfile.lock\" \"${PODS_ROOT}/Manifest.lock\" > /dev/null\nif [ $? != 0 ] ; then\n    # print error to STDERR\n    echo \"error: The sandbox is not in sync with the Podfile.lock. Run 'pod install' or update your CocoaPods installation.\" >&2\n    exit 1\nfi\n# This output is used by Xcode 'outputs' to avoid re-running this script phase.\necho \"SUCCESS\" > \"${SCRIPT_OUTPUT_FILE_0}\"\n";
			showEnvVarsInLog = 0;
		};
		E5BD9A9B0D982AA29531510A /* [CP] Check Pods Manifest.lock */ = {
			isa = PBXShellScriptBuildPhase;
			buildActionMask = 2147483647;
			files = (
			);
			inputPaths = (
				"${PODS_PODFILE_DIR_PATH}/Podfile.lock",
				"${PODS_ROOT}/Manifest.lock",
			);
			name = "[CP] Check Pods Manifest.lock";
			outputPaths = (
				"$(DERIVED_FILE_DIR)/Pods-ParseChatTests-checkManifestLockResult.txt",
			);
			runOnlyForDeploymentPostprocessing = 0;
			shellPath = /bin/sh;
			shellScript = "diff \"${PODS_PODFILE_DIR_PATH}/Podfile.lock\" \"${PODS_ROOT}/Manifest.lock\" > /dev/null\nif [ $? != 0 ] ; then\n    # print error to STDERR\n    echo \"error: The sandbox is not in sync with the Podfile.lock. Run 'pod install' or update your CocoaPods installation.\" >&2\n    exit 1\nfi\n# This output is used by Xcode 'outputs' to avoid re-running this script phase.\necho \"SUCCESS\" > \"${SCRIPT_OUTPUT_FILE_0}\"\n";
			showEnvVarsInLog = 0;
		};
/* End PBXShellScriptBuildPhase section */

/* Begin PBXSourcesBuildPhase section */
		26C8DB8120F3D05500C8EA2A /* Sources */ = {
			isa = PBXSourcesBuildPhase;
			buildActionMask = 2147483647;
			files = (
				26C8DB9820F3D05600C8EA2A /* main.m in Sources */,
				26C8DB8A20F3D05500C8EA2A /* AppDelegate.m in Sources */,
				2673503D20F3D2970006AFD0 /* LoginViewController.m in Sources */,
			);
			runOnlyForDeploymentPostprocessing = 0;
		};
		26C8DB9920F3D05600C8EA2A /* Sources */ = {
			isa = PBXSourcesBuildPhase;
			buildActionMask = 2147483647;
			files = (
				26C8DBA220F3D05600C8EA2A /* ParseChatTests.m in Sources */,
			);
			runOnlyForDeploymentPostprocessing = 0;
		};
		26C8DBA420F3D05600C8EA2A /* Sources */ = {
			isa = PBXSourcesBuildPhase;
			buildActionMask = 2147483647;
			files = (
				26C8DBAD20F3D05600C8EA2A /* ParseChatUITests.m in Sources */,
			);
			runOnlyForDeploymentPostprocessing = 0;
		};
/* End PBXSourcesBuildPhase section */

/* Begin PBXTargetDependency section */
		26C8DB9F20F3D05600C8EA2A /* PBXTargetDependency */ = {
			isa = PBXTargetDependency;
			target = 26C8DB8420F3D05500C8EA2A /* ParseChat */;
			targetProxy = 26C8DB9E20F3D05600C8EA2A /* PBXContainerItemProxy */;
		};
		26C8DBAA20F3D05600C8EA2A /* PBXTargetDependency */ = {
			isa = PBXTargetDependency;
			target = 26C8DB8420F3D05500C8EA2A /* ParseChat */;
			targetProxy = 26C8DBA920F3D05600C8EA2A /* PBXContainerItemProxy */;
		};
/* End PBXTargetDependency section */

/* Begin PBXVariantGroup section */
		26C8DB8E20F3D05500C8EA2A /* Main.storyboard */ = {
			isa = PBXVariantGroup;
			children = (
				26C8DB8F20F3D05500C8EA2A /* Base */,
			);
			name = Main.storyboard;
			sourceTree = "<group>";
		};
		26C8DB9320F3D05600C8EA2A /* LaunchScreen.storyboard */ = {
			isa = PBXVariantGroup;
			children = (
				26C8DB9420F3D05600C8EA2A /* Base */,
			);
			name = LaunchScreen.storyboard;
			sourceTree = "<group>";
		};
/* End PBXVariantGroup section */

/* Begin XCBuildConfiguration section */
		26C8DBAF20F3D05600C8EA2A /* Debug */ = {
			isa = XCBuildConfiguration;
			buildSettings = {
				ALWAYS_SEARCH_USER_PATHS = NO;
				CLANG_ANALYZER_NONNULL = YES;
				CLANG_ANALYZER_NUMBER_OBJECT_CONVERSION = YES_AGGRESSIVE;
				CLANG_CXX_LANGUAGE_STANDARD = "gnu++14";
				CLANG_CXX_LIBRARY = "libc++";
				CLANG_ENABLE_MODULES = YES;
				CLANG_ENABLE_OBJC_ARC = YES;
				CLANG_ENABLE_OBJC_WEAK = YES;
				CLANG_WARN_BLOCK_CAPTURE_AUTORELEASING = YES;
				CLANG_WARN_BOOL_CONVERSION = YES;
				CLANG_WARN_COMMA = YES;
				CLANG_WARN_CONSTANT_CONVERSION = YES;
				CLANG_WARN_DEPRECATED_OBJC_IMPLEMENTATIONS = YES;
				CLANG_WARN_DIRECT_OBJC_ISA_USAGE = YES_ERROR;
				CLANG_WARN_DOCUMENTATION_COMMENTS = YES;
				CLANG_WARN_EMPTY_BODY = YES;
				CLANG_WARN_ENUM_CONVERSION = YES;
				CLANG_WARN_INFINITE_RECURSION = YES;
				CLANG_WARN_INT_CONVERSION = YES;
				CLANG_WARN_NON_LITERAL_NULL_CONVERSION = YES;
				CLANG_WARN_OBJC_IMPLICIT_RETAIN_SELF = YES;
				CLANG_WARN_OBJC_LITERAL_CONVERSION = YES;
				CLANG_WARN_OBJC_ROOT_CLASS = YES_ERROR;
				CLANG_WARN_RANGE_LOOP_ANALYSIS = YES;
				CLANG_WARN_STRICT_PROTOTYPES = YES;
				CLANG_WARN_SUSPICIOUS_MOVE = YES;
				CLANG_WARN_UNGUARDED_AVAILABILITY = YES_AGGRESSIVE;
				CLANG_WARN_UNREACHABLE_CODE = YES;
				CLANG_WARN__DUPLICATE_METHOD_MATCH = YES;
				CODE_SIGN_IDENTITY = "iPhone Developer";
				COPY_PHASE_STRIP = NO;
				DEBUG_INFORMATION_FORMAT = dwarf;
				ENABLE_STRICT_OBJC_MSGSEND = YES;
				ENABLE_TESTABILITY = YES;
				GCC_C_LANGUAGE_STANDARD = gnu11;
				GCC_DYNAMIC_NO_PIC = NO;
				GCC_NO_COMMON_BLOCKS = YES;
				GCC_OPTIMIZATION_LEVEL = 0;
				GCC_PREPROCESSOR_DEFINITIONS = (
					"DEBUG=1",
					"$(inherited)",
				);
				GCC_WARN_64_TO_32_BIT_CONVERSION = YES;
				GCC_WARN_ABOUT_RETURN_TYPE = YES_ERROR;
				GCC_WARN_UNDECLARED_SELECTOR = YES;
				GCC_WARN_UNINITIALIZED_AUTOS = YES_AGGRESSIVE;
				GCC_WARN_UNUSED_FUNCTION = YES;
				GCC_WARN_UNUSED_VARIABLE = YES;
				IPHONEOS_DEPLOYMENT_TARGET = 11.4;
				MTL_ENABLE_DEBUG_INFO = YES;
				ONLY_ACTIVE_ARCH = YES;
				SDKROOT = iphoneos;
			};
			name = Debug;
		};
		26C8DBB020F3D05600C8EA2A /* Release */ = {
			isa = XCBuildConfiguration;
			buildSettings = {
				ALWAYS_SEARCH_USER_PATHS = NO;
				CLANG_ANALYZER_NONNULL = YES;
				CLANG_ANALYZER_NUMBER_OBJECT_CONVERSION = YES_AGGRESSIVE;
				CLANG_CXX_LANGUAGE_STANDARD = "gnu++14";
				CLANG_CXX_LIBRARY = "libc++";
				CLANG_ENABLE_MODULES = YES;
				CLANG_ENABLE_OBJC_ARC = YES;
				CLANG_ENABLE_OBJC_WEAK = YES;
				CLANG_WARN_BLOCK_CAPTURE_AUTORELEASING = YES;
				CLANG_WARN_BOOL_CONVERSION = YES;
				CLANG_WARN_COMMA = YES;
				CLANG_WARN_CONSTANT_CONVERSION = YES;
				CLANG_WARN_DEPRECATED_OBJC_IMPLEMENTATIONS = YES;
				CLANG_WARN_DIRECT_OBJC_ISA_USAGE = YES_ERROR;
				CLANG_WARN_DOCUMENTATION_COMMENTS = YES;
				CLANG_WARN_EMPTY_BODY = YES;
				CLANG_WARN_ENUM_CONVERSION = YES;
				CLANG_WARN_INFINITE_RECURSION = YES;
				CLANG_WARN_INT_CONVERSION = YES;
				CLANG_WARN_NON_LITERAL_NULL_CONVERSION = YES;
				CLANG_WARN_OBJC_IMPLICIT_RETAIN_SELF = YES;
				CLANG_WARN_OBJC_LITERAL_CONVERSION = YES;
				CLANG_WARN_OBJC_ROOT_CLASS = YES_ERROR;
				CLANG_WARN_RANGE_LOOP_ANALYSIS = YES;
				CLANG_WARN_STRICT_PROTOTYPES = YES;
				CLANG_WARN_SUSPICIOUS_MOVE = YES;
				CLANG_WARN_UNGUARDED_AVAILABILITY = YES_AGGRESSIVE;
				CLANG_WARN_UNREACHABLE_CODE = YES;
				CLANG_WARN__DUPLICATE_METHOD_MATCH = YES;
				CODE_SIGN_IDENTITY = "iPhone Developer";
				COPY_PHASE_STRIP = NO;
				DEBUG_INFORMATION_FORMAT = "dwarf-with-dsym";
				ENABLE_NS_ASSERTIONS = NO;
				ENABLE_STRICT_OBJC_MSGSEND = YES;
				GCC_C_LANGUAGE_STANDARD = gnu11;
				GCC_NO_COMMON_BLOCKS = YES;
				GCC_WARN_64_TO_32_BIT_CONVERSION = YES;
				GCC_WARN_ABOUT_RETURN_TYPE = YES_ERROR;
				GCC_WARN_UNDECLARED_SELECTOR = YES;
				GCC_WARN_UNINITIALIZED_AUTOS = YES_AGGRESSIVE;
				GCC_WARN_UNUSED_FUNCTION = YES;
				GCC_WARN_UNUSED_VARIABLE = YES;
				IPHONEOS_DEPLOYMENT_TARGET = 11.4;
				MTL_ENABLE_DEBUG_INFO = NO;
				SDKROOT = iphoneos;
				VALIDATE_PRODUCT = YES;
			};
			name = Release;
		};
		26C8DBB220F3D05600C8EA2A /* Debug */ = {
			isa = XCBuildConfiguration;
			baseConfigurationReference = A905A2562A3A39AF7A95930C /* Pods-ParseChat.debug.xcconfig */;
			buildSettings = {
				ASSETCATALOG_COMPILER_APPICON_NAME = AppIcon;
				CODE_SIGN_STYLE = Automatic;
				DEVELOPMENT_TEAM = 47ZDXDT6BD;
				INFOPLIST_FILE = ParseChat/Info.plist;
				LD_RUNPATH_SEARCH_PATHS = (
					"$(inherited)",
					"@executable_path/Frameworks",
				);
				PRODUCT_BUNDLE_IDENTIFIER = com.ochiengernest6.ParseChat;
				PRODUCT_NAME = "$(TARGET_NAME)";
				TARGETED_DEVICE_FAMILY = "1,2";
			};
			name = Debug;
		};
		26C8DBB320F3D05600C8EA2A /* Release */ = {
			isa = XCBuildConfiguration;
			baseConfigurationReference = CE5390B1155D0CF0AB1271C3 /* Pods-ParseChat.release.xcconfig */;
			buildSettings = {
				ASSETCATALOG_COMPILER_APPICON_NAME = AppIcon;
				CODE_SIGN_STYLE = Automatic;
				DEVELOPMENT_TEAM = 47ZDXDT6BD;
				INFOPLIST_FILE = ParseChat/Info.plist;
				LD_RUNPATH_SEARCH_PATHS = (
					"$(inherited)",
					"@executable_path/Frameworks",
				);
				PRODUCT_BUNDLE_IDENTIFIER = com.ochiengernest6.ParseChat;
				PRODUCT_NAME = "$(TARGET_NAME)";
				TARGETED_DEVICE_FAMILY = "1,2";
			};
			name = Release;
		};
		26C8DBB520F3D05600C8EA2A /* Debug */ = {
			isa = XCBuildConfiguration;
			baseConfigurationReference = AD6571BF0F34F76C60765047 /* Pods-ParseChatTests.debug.xcconfig */;
			buildSettings = {
				BUNDLE_LOADER = "$(TEST_HOST)";
				CODE_SIGN_STYLE = Automatic;
				DEVELOPMENT_TEAM = 47ZDXDT6BD;
				INFOPLIST_FILE = ParseChatTests/Info.plist;
				LD_RUNPATH_SEARCH_PATHS = (
					"$(inherited)",
					"@executable_path/Frameworks",
					"@loader_path/Frameworks",
				);
				PRODUCT_BUNDLE_IDENTIFIER = com.ochiengernest6.ParseChatTests;
				PRODUCT_NAME = "$(TARGET_NAME)";
				TARGETED_DEVICE_FAMILY = "1,2";
				TEST_HOST = "$(BUILT_PRODUCTS_DIR)/ParseChat.app/ParseChat";
			};
			name = Debug;
		};
		26C8DBB620F3D05600C8EA2A /* Release */ = {
			isa = XCBuildConfiguration;
			baseConfigurationReference = CF6DD4347657683A875609EB /* Pods-ParseChatTests.release.xcconfig */;
			buildSettings = {
				BUNDLE_LOADER = "$(TEST_HOST)";
				CODE_SIGN_STYLE = Automatic;
				DEVELOPMENT_TEAM = 47ZDXDT6BD;
				INFOPLIST_FILE = ParseChatTests/Info.plist;
				LD_RUNPATH_SEARCH_PATHS = (
					"$(inherited)",
					"@executable_path/Frameworks",
					"@loader_path/Frameworks",
				);
				PRODUCT_BUNDLE_IDENTIFIER = com.ochiengernest6.ParseChatTests;
				PRODUCT_NAME = "$(TARGET_NAME)";
				TARGETED_DEVICE_FAMILY = "1,2";
				TEST_HOST = "$(BUILT_PRODUCTS_DIR)/ParseChat.app/ParseChat";
			};
			name = Release;
		};
		26C8DBB820F3D05600C8EA2A /* Debug */ = {
			isa = XCBuildConfiguration;
			baseConfigurationReference = 32DBB8CEB16D669C6687A737 /* Pods-ParseChatUITests.debug.xcconfig */;
			buildSettings = {
				CODE_SIGN_STYLE = Automatic;
				DEVELOPMENT_TEAM = 47ZDXDT6BD;
				INFOPLIST_FILE = ParseChatUITests/Info.plist;
				LD_RUNPATH_SEARCH_PATHS = (
					"$(inherited)",
					"@executable_path/Frameworks",
					"@loader_path/Frameworks",
				);
				PRODUCT_BUNDLE_IDENTIFIER = com.ochiengernest6.ParseChatUITests;
				PRODUCT_NAME = "$(TARGET_NAME)";
				TARGETED_DEVICE_FAMILY = "1,2";
				TEST_TARGET_NAME = ParseChat;
			};
			name = Debug;
		};
		26C8DBB920F3D05600C8EA2A /* Release */ = {
			isa = XCBuildConfiguration;
			baseConfigurationReference = 0762CB003E0BD09C78381AF1 /* Pods-ParseChatUITests.release.xcconfig */;
			buildSettings = {
				CODE_SIGN_STYLE = Automatic;
				DEVELOPMENT_TEAM = 47ZDXDT6BD;
				INFOPLIST_FILE = ParseChatUITests/Info.plist;
				LD_RUNPATH_SEARCH_PATHS = (
					"$(inherited)",
					"@executable_path/Frameworks",
					"@loader_path/Frameworks",
				);
				PRODUCT_BUNDLE_IDENTIFIER = com.ochiengernest6.ParseChatUITests;
				PRODUCT_NAME = "$(TARGET_NAME)";
				TARGETED_DEVICE_FAMILY = "1,2";
				TEST_TARGET_NAME = ParseChat;
			};
			name = Release;
		};
/* End XCBuildConfiguration section */

/* Begin XCConfigurationList section */
		26C8DB8020F3D05500C8EA2A /* Build configuration list for PBXProject "ParseChat" */ = {
			isa = XCConfigurationList;
			buildConfigurations = (
				26C8DBAF20F3D05600C8EA2A /* Debug */,
				26C8DBB020F3D05600C8EA2A /* Release */,
			);
			defaultConfigurationIsVisible = 0;
			defaultConfigurationName = Release;
		};
		26C8DBB120F3D05600C8EA2A /* Build configuration list for PBXNativeTarget "ParseChat" */ = {
			isa = XCConfigurationList;
			buildConfigurations = (
				26C8DBB220F3D05600C8EA2A /* Debug */,
				26C8DBB320F3D05600C8EA2A /* Release */,
			);
			defaultConfigurationIsVisible = 0;
			defaultConfigurationName = Release;
		};
		26C8DBB420F3D05600C8EA2A /* Build configuration list for PBXNativeTarget "ParseChatTests" */ = {
			isa = XCConfigurationList;
			buildConfigurations = (
				26C8DBB520F3D05600C8EA2A /* Debug */,
				26C8DBB620F3D05600C8EA2A /* Release */,
			);
			defaultConfigurationIsVisible = 0;
			defaultConfigurationName = Release;
		};
		26C8DBB720F3D05600C8EA2A /* Build configuration list for PBXNativeTarget "ParseChatUITests" */ = {
			isa = XCConfigurationList;
			buildConfigurations = (
				26C8DBB820F3D05600C8EA2A /* Debug */,
				26C8DBB920F3D05600C8EA2A /* Release */,
			);
			defaultConfigurationIsVisible = 0;
			defaultConfigurationName = Release;
		};
/* End XCConfigurationList section */
	};
	rootObject = 26C8DB7D20F3D05500C8EA2A /* Project object */;
}
